// !$*UTF8*$!
{
	archiveVersion = 1;
	classes = {
	};
	objectVersion = 51;
	objects = {

/* Begin PBXBuildFile section */
		04901F3525BACFDA00DDFE3B /* AppDelegate.swift in Sources */ = {isa = PBXBuildFile; fileRef = 04901F3425BACFDA00DDFE3B /* AppDelegate.swift */; };
		04901F3725BACFDA00DDFE3B /* SceneDelegate.swift in Sources */ = {isa = PBXBuildFile; fileRef = 04901F3625BACFDA00DDFE3B /* SceneDelegate.swift */; };
		04901F3925BACFDA00DDFE3B /* LoginViewController.swift in Sources */ = {isa = PBXBuildFile; fileRef = 04901F3825BACFDA00DDFE3B /* LoginViewController.swift */; };
		04901F3E25BACFDE00DDFE3B /* Assets.xcassets in Resources */ = {isa = PBXBuildFile; fileRef = 04901F3D25BACFDE00DDFE3B /* Assets.xcassets */; };
		04901F4125BACFDE00DDFE3B /* LaunchScreen.storyboard in Resources */ = {isa = PBXBuildFile; fileRef = 04901F3F25BACFDE00DDFE3B /* LaunchScreen.storyboard */; };
		04901F4C25BACFDF00DDFE3B /* weAreMatchPlayAppTests.swift in Sources */ = {isa = PBXBuildFile; fileRef = 04901F4B25BACFDF00DDFE3B /* weAreMatchPlayAppTests.swift */; };
		04901F5725BACFDF00DDFE3B /* weAreMatchPlayAppUITests.swift in Sources */ = {isa = PBXBuildFile; fileRef = 04901F5625BACFDF00DDFE3B /* weAreMatchPlayAppUITests.swift */; };
		04901F9125BAE1DC00DDFE3B /* String+Extension.swift in Sources */ = {isa = PBXBuildFile; fileRef = 04901F9025BAE1DC00DDFE3B /* String+Extension.swift */; };
		04901F9925BAE20D00DDFE3B /* UITextField+Extension.swift in Sources */ = {isa = PBXBuildFile; fileRef = 04901F9825BAE20D00DDFE3B /* UITextField+Extension.swift */; };
		04901FA225BAEC0000DDFE3B /* LoginDataModel.swift in Sources */ = {isa = PBXBuildFile; fileRef = 04901FA125BAEC0000DDFE3B /* LoginDataModel.swift */; };
		04901FAA25BAEC4900DDFE3B /* LoginInteractor.swift in Sources */ = {isa = PBXBuildFile; fileRef = 04901FA925BAEC4900DDFE3B /* LoginInteractor.swift */; };
		04901FAF25BAECD300DDFE3B /* LoginWorker.swift in Sources */ = {isa = PBXBuildFile; fileRef = 04901FAE25BAECD300DDFE3B /* LoginWorker.swift */; };
		04901FB425BAED1C00DDFE3B /* LoginPresenter.swift in Sources */ = {isa = PBXBuildFile; fileRef = 04901FB325BAED1C00DDFE3B /* LoginPresenter.swift */; };
		04901FB925BAEDB200DDFE3B /* UIViewController+Extension.swift in Sources */ = {isa = PBXBuildFile; fileRef = 04901FB825BAEDB200DDFE3B /* UIViewController+Extension.swift */; };
		04901FCD25BB01DF00DDFE3B /* ListUsersViewController.swift in Sources */ = {isa = PBXBuildFile; fileRef = 04901FCC25BB01DF00DDFE3B /* ListUsersViewController.swift */; };
		04901FD525BB037500DDFE3B /* StringConstants.swift in Sources */ = {isa = PBXBuildFile; fileRef = 04901FD425BB037500DDFE3B /* StringConstants.swift */; };
		34F7BE69AC039A055E98CA10 /* Pods_weAreMatchPlayApp_weAreMatchPlayAppUITests.framework in Frameworks */ = {isa = PBXBuildFile; fileRef = 1D04C8075B7D53E9702643C2 /* Pods_weAreMatchPlayApp_weAreMatchPlayAppUITests.framework */; };
		57816BAA42555C804C215D5E /* Pods_weAreMatchPlayApp.framework in Frameworks */ = {isa = PBXBuildFile; fileRef = 6073D3E364F57B60A6A7585A /* Pods_weAreMatchPlayApp.framework */; };
		FA7D3E0D8A720B6D7491C828 /* Pods_weAreMatchPlayAppTests.framework in Frameworks */ = {isa = PBXBuildFile; fileRef = 3D0B60C7C2206CB9DF31365A /* Pods_weAreMatchPlayAppTests.framework */; };
/* End PBXBuildFile section */

/* Begin PBXContainerItemProxy section */
		04901F4825BACFDF00DDFE3B /* PBXContainerItemProxy */ = {
			isa = PBXContainerItemProxy;
			containerPortal = 04901F2925BACFDA00DDFE3B /* Project object */;
			proxyType = 1;
			remoteGlobalIDString = 04901F3025BACFDA00DDFE3B;
			remoteInfo = weAreMatchPlayApp;
		};
		04901F5325BACFDF00DDFE3B /* PBXContainerItemProxy */ = {
			isa = PBXContainerItemProxy;
			containerPortal = 04901F2925BACFDA00DDFE3B /* Project object */;
			proxyType = 1;
			remoteGlobalIDString = 04901F3025BACFDA00DDFE3B;
			remoteInfo = weAreMatchPlayApp;
		};
/* End PBXContainerItemProxy section */

/* Begin PBXFileReference section */
		04901F3125BACFDA00DDFE3B /* weAreMatchPlayApp.app */ = {isa = PBXFileReference; explicitFileType = wrapper.application; includeInIndex = 0; path = weAreMatchPlayApp.app; sourceTree = BUILT_PRODUCTS_DIR; };
		04901F3425BACFDA00DDFE3B /* AppDelegate.swift */ = {isa = PBXFileReference; lastKnownFileType = sourcecode.swift; path = AppDelegate.swift; sourceTree = "<group>"; };
		04901F3625BACFDA00DDFE3B /* SceneDelegate.swift */ = {isa = PBXFileReference; lastKnownFileType = sourcecode.swift; path = SceneDelegate.swift; sourceTree = "<group>"; };
		04901F3825BACFDA00DDFE3B /* LoginViewController.swift */ = {isa = PBXFileReference; lastKnownFileType = sourcecode.swift; path = LoginViewController.swift; sourceTree = "<group>"; };
		04901F3D25BACFDE00DDFE3B /* Assets.xcassets */ = {isa = PBXFileReference; lastKnownFileType = folder.assetcatalog; path = Assets.xcassets; sourceTree = "<group>"; };
		04901F4025BACFDE00DDFE3B /* Base */ = {isa = PBXFileReference; lastKnownFileType = file.storyboard; name = Base; path = Base.lproj/LaunchScreen.storyboard; sourceTree = "<group>"; };
		04901F4225BACFDE00DDFE3B /* Info.plist */ = {isa = PBXFileReference; lastKnownFileType = text.plist.xml; path = Info.plist; sourceTree = "<group>"; };
		04901F4725BACFDF00DDFE3B /* weAreMatchPlayAppTests.xctest */ = {isa = PBXFileReference; explicitFileType = wrapper.cfbundle; includeInIndex = 0; path = weAreMatchPlayAppTests.xctest; sourceTree = BUILT_PRODUCTS_DIR; };
		04901F4B25BACFDF00DDFE3B /* weAreMatchPlayAppTests.swift */ = {isa = PBXFileReference; lastKnownFileType = sourcecode.swift; path = weAreMatchPlayAppTests.swift; sourceTree = "<group>"; };
		04901F4D25BACFDF00DDFE3B /* Info.plist */ = {isa = PBXFileReference; lastKnownFileType = text.plist.xml; path = Info.plist; sourceTree = "<group>"; };
		04901F5225BACFDF00DDFE3B /* weAreMatchPlayAppUITests.xctest */ = {isa = PBXFileReference; explicitFileType = wrapper.cfbundle; includeInIndex = 0; path = weAreMatchPlayAppUITests.xctest; sourceTree = BUILT_PRODUCTS_DIR; };
		04901F5625BACFDF00DDFE3B /* weAreMatchPlayAppUITests.swift */ = {isa = PBXFileReference; lastKnownFileType = sourcecode.swift; path = weAreMatchPlayAppUITests.swift; sourceTree = "<group>"; };
		04901F5825BACFDF00DDFE3B /* Info.plist */ = {isa = PBXFileReference; lastKnownFileType = text.plist.xml; path = Info.plist; sourceTree = "<group>"; };
		04901F9025BAE1DC00DDFE3B /* String+Extension.swift */ = {isa = PBXFileReference; lastKnownFileType = sourcecode.swift; path = "String+Extension.swift"; sourceTree = "<group>"; };
		04901F9825BAE20D00DDFE3B /* UITextField+Extension.swift */ = {isa = PBXFileReference; lastKnownFileType = sourcecode.swift; path = "UITextField+Extension.swift"; sourceTree = "<group>"; };
		04901FA125BAEC0000DDFE3B /* LoginDataModel.swift */ = {isa = PBXFileReference; lastKnownFileType = sourcecode.swift; path = LoginDataModel.swift; sourceTree = "<group>"; };
		04901FA925BAEC4900DDFE3B /* LoginInteractor.swift */ = {isa = PBXFileReference; lastKnownFileType = sourcecode.swift; path = LoginInteractor.swift; sourceTree = "<group>"; };
		04901FAE25BAECD300DDFE3B /* LoginWorker.swift */ = {isa = PBXFileReference; lastKnownFileType = sourcecode.swift; path = LoginWorker.swift; sourceTree = "<group>"; };
		04901FB325BAED1C00DDFE3B /* LoginPresenter.swift */ = {isa = PBXFileReference; lastKnownFileType = sourcecode.swift; path = LoginPresenter.swift; sourceTree = "<group>"; };
		04901FB825BAEDB200DDFE3B /* UIViewController+Extension.swift */ = {isa = PBXFileReference; lastKnownFileType = sourcecode.swift; path = "UIViewController+Extension.swift"; sourceTree = "<group>"; };
		04901FCC25BB01DF00DDFE3B /* ListUsersViewController.swift */ = {isa = PBXFileReference; lastKnownFileType = sourcecode.swift; path = ListUsersViewController.swift; sourceTree = "<group>"; };
		04901FD425BB037500DDFE3B /* StringConstants.swift */ = {isa = PBXFileReference; lastKnownFileType = sourcecode.swift; path = StringConstants.swift; sourceTree = "<group>"; };
		0C2C3D2423E6DD1D5F27027B /* Pods-weAreMatchPlayApp.release.xcconfig */ = {isa = PBXFileReference; includeInIndex = 1; lastKnownFileType = text.xcconfig; name = "Pods-weAreMatchPlayApp.release.xcconfig"; path = "Target Support Files/Pods-weAreMatchPlayApp/Pods-weAreMatchPlayApp.release.xcconfig"; sourceTree = "<group>"; };
		1D04C8075B7D53E9702643C2 /* Pods_weAreMatchPlayApp_weAreMatchPlayAppUITests.framework */ = {isa = PBXFileReference; explicitFileType = wrapper.framework; includeInIndex = 0; path = Pods_weAreMatchPlayApp_weAreMatchPlayAppUITests.framework; sourceTree = BUILT_PRODUCTS_DIR; };
		3D0B60C7C2206CB9DF31365A /* Pods_weAreMatchPlayAppTests.framework */ = {isa = PBXFileReference; explicitFileType = wrapper.framework; includeInIndex = 0; path = Pods_weAreMatchPlayAppTests.framework; sourceTree = BUILT_PRODUCTS_DIR; };
		43280314EF48DA1CBD47DCCA /* Pods-weAreMatchPlayApp-weAreMatchPlayAppUITests.debug.xcconfig */ = {isa = PBXFileReference; includeInIndex = 1; lastKnownFileType = text.xcconfig; name = "Pods-weAreMatchPlayApp-weAreMatchPlayAppUITests.debug.xcconfig"; path = "Target Support Files/Pods-weAreMatchPlayApp-weAreMatchPlayAppUITests/Pods-weAreMatchPlayApp-weAreMatchPlayAppUITests.debug.xcconfig"; sourceTree = "<group>"; };
		5E352A49049D3FFFCFBB2EB8 /* Pods-weAreMatchPlayApp.debug.xcconfig */ = {isa = PBXFileReference; includeInIndex = 1; lastKnownFileType = text.xcconfig; name = "Pods-weAreMatchPlayApp.debug.xcconfig"; path = "Target Support Files/Pods-weAreMatchPlayApp/Pods-weAreMatchPlayApp.debug.xcconfig"; sourceTree = "<group>"; };
		6073D3E364F57B60A6A7585A /* Pods_weAreMatchPlayApp.framework */ = {isa = PBXFileReference; explicitFileType = wrapper.framework; includeInIndex = 0; path = Pods_weAreMatchPlayApp.framework; sourceTree = BUILT_PRODUCTS_DIR; };
		8B038510BE723AAAC489BCA0 /* Pods-weAreMatchPlayApp-weAreMatchPlayAppUITests.release.xcconfig */ = {isa = PBXFileReference; includeInIndex = 1; lastKnownFileType = text.xcconfig; name = "Pods-weAreMatchPlayApp-weAreMatchPlayAppUITests.release.xcconfig"; path = "Target Support Files/Pods-weAreMatchPlayApp-weAreMatchPlayAppUITests/Pods-weAreMatchPlayApp-weAreMatchPlayAppUITests.release.xcconfig"; sourceTree = "<group>"; };
		A84C59205AA13376FD0F1388 /* Pods-weAreMatchPlayAppTests.debug.xcconfig */ = {isa = PBXFileReference; includeInIndex = 1; lastKnownFileType = text.xcconfig; name = "Pods-weAreMatchPlayAppTests.debug.xcconfig"; path = "Target Support Files/Pods-weAreMatchPlayAppTests/Pods-weAreMatchPlayAppTests.debug.xcconfig"; sourceTree = "<group>"; };
		F11C57C96345B8EAFDEA1DEC /* Pods-weAreMatchPlayAppTests.release.xcconfig */ = {isa = PBXFileReference; includeInIndex = 1; lastKnownFileType = text.xcconfig; name = "Pods-weAreMatchPlayAppTests.release.xcconfig"; path = "Target Support Files/Pods-weAreMatchPlayAppTests/Pods-weAreMatchPlayAppTests.release.xcconfig"; sourceTree = "<group>"; };
/* End PBXFileReference section */

/* Begin PBXFrameworksBuildPhase section */
		04901F2E25BACFDA00DDFE3B /* Frameworks */ = {
			isa = PBXFrameworksBuildPhase;
			buildActionMask = 2147483647;
			files = (
				57816BAA42555C804C215D5E /* Pods_weAreMatchPlayApp.framework in Frameworks */,
			);
			runOnlyForDeploymentPostprocessing = 0;
		};
		04901F4425BACFDF00DDFE3B /* Frameworks */ = {
			isa = PBXFrameworksBuildPhase;
			buildActionMask = 2147483647;
			files = (
				FA7D3E0D8A720B6D7491C828 /* Pods_weAreMatchPlayAppTests.framework in Frameworks */,
			);
			runOnlyForDeploymentPostprocessing = 0;
		};
		04901F4F25BACFDF00DDFE3B /* Frameworks */ = {
			isa = PBXFrameworksBuildPhase;
			buildActionMask = 2147483647;
			files = (
				34F7BE69AC039A055E98CA10 /* Pods_weAreMatchPlayApp_weAreMatchPlayAppUITests.framework in Frameworks */,
			);
			runOnlyForDeploymentPostprocessing = 0;
		};
/* End PBXFrameworksBuildPhase section */

/* Begin PBXGroup section */
		04901F2825BACFDA00DDFE3B = {
			isa = PBXGroup;
			children = (
				04901F3325BACFDA00DDFE3B /* weAreMatchPlayApp */,
				04901F4A25BACFDF00DDFE3B /* weAreMatchPlayAppTests */,
				04901F5525BACFDF00DDFE3B /* weAreMatchPlayAppUITests */,
				04901F3225BACFDA00DDFE3B /* Products */,
				0E1B5882C17E1D537EE8336A /* Pods */,
				344A79159A1E99C27FE1B30D /* Frameworks */,
			);
			sourceTree = "<group>";
		};
		04901F3225BACFDA00DDFE3B /* Products */ = {
			isa = PBXGroup;
			children = (
				04901F3125BACFDA00DDFE3B /* weAreMatchPlayApp.app */,
				04901F4725BACFDF00DDFE3B /* weAreMatchPlayAppTests.xctest */,
				04901F5225BACFDF00DDFE3B /* weAreMatchPlayAppUITests.xctest */,
			);
			name = Products;
			sourceTree = "<group>";
		};
		04901F3325BACFDA00DDFE3B /* weAreMatchPlayApp */ = {
			isa = PBXGroup;
			children = (
				04901F6725BAD25600DDFE3B /* Screens */,
				04901FA025BAEBE500DDFE3B /* Model */,
				04901F8F25BAE1C200DDFE3B /* Extensions */,
				04901F3425BACFDA00DDFE3B /* AppDelegate.swift */,
				04901F3625BACFDA00DDFE3B /* SceneDelegate.swift */,
				04901F3D25BACFDE00DDFE3B /* Assets.xcassets */,
				04901F3F25BACFDE00DDFE3B /* LaunchScreen.storyboard */,
				04901F4225BACFDE00DDFE3B /* Info.plist */,
				04901FD425BB037500DDFE3B /* StringConstants.swift */,
			);
			path = weAreMatchPlayApp;
			sourceTree = "<group>";
		};
		04901F4A25BACFDF00DDFE3B /* weAreMatchPlayAppTests */ = {
			isa = PBXGroup;
			children = (
				04901F4B25BACFDF00DDFE3B /* weAreMatchPlayAppTests.swift */,
				04901F4D25BACFDF00DDFE3B /* Info.plist */,
			);
			path = weAreMatchPlayAppTests;
			sourceTree = "<group>";
		};
		04901F5525BACFDF00DDFE3B /* weAreMatchPlayAppUITests */ = {
			isa = PBXGroup;
			children = (
				04901F5625BACFDF00DDFE3B /* weAreMatchPlayAppUITests.swift */,
				04901F5825BACFDF00DDFE3B /* Info.plist */,
			);
			path = weAreMatchPlayAppUITests;
			sourceTree = "<group>";
		};
		04901F6725BAD25600DDFE3B /* Screens */ = {
			isa = PBXGroup;
			children = (
				04901F6825BAD2E500DDFE3B /* Login */,
				04901FCB25BB01B700DDFE3B /* ListUsers */,
			);
			path = Screens;
			sourceTree = "<group>";
		};
		04901F6825BAD2E500DDFE3B /* Login */ = {
			isa = PBXGroup;
			children = (
				04901F3825BACFDA00DDFE3B /* LoginViewController.swift */,
				04901FA925BAEC4900DDFE3B /* LoginInteractor.swift */,
				04901FAE25BAECD300DDFE3B /* LoginWorker.swift */,
				04901FB325BAED1C00DDFE3B /* LoginPresenter.swift */,
			);
			path = Login;
			sourceTree = "<group>";
		};
		04901F8F25BAE1C200DDFE3B /* Extensions */ = {
			isa = PBXGroup;
			children = (
				04901F9025BAE1DC00DDFE3B /* String+Extension.swift */,
				04901F9825BAE20D00DDFE3B /* UITextField+Extension.swift */,
				04901FB825BAEDB200DDFE3B /* UIViewController+Extension.swift */,
			);
			path = Extensions;
			sourceTree = "<group>";
		};
		04901FA025BAEBE500DDFE3B /* Model */ = {
			isa = PBXGroup;
			children = (
				04901FA125BAEC0000DDFE3B /* LoginDataModel.swift */,
			);
			path = Model;
			sourceTree = "<group>";
		};
		04901FCB25BB01B700DDFE3B /* ListUsers */ = {
			isa = PBXGroup;
			children = (
				04901FCC25BB01DF00DDFE3B /* ListUsersViewController.swift */,
			);
			path = ListUsers;
			sourceTree = "<group>";
		};
		0E1B5882C17E1D537EE8336A /* Pods */ = {
			isa = PBXGroup;
			children = (
				5E352A49049D3FFFCFBB2EB8 /* Pods-weAreMatchPlayApp.debug.xcconfig */,
				0C2C3D2423E6DD1D5F27027B /* Pods-weAreMatchPlayApp.release.xcconfig */,
				43280314EF48DA1CBD47DCCA /* Pods-weAreMatchPlayApp-weAreMatchPlayAppUITests.debug.xcconfig */,
				8B038510BE723AAAC489BCA0 /* Pods-weAreMatchPlayApp-weAreMatchPlayAppUITests.release.xcconfig */,
				A84C59205AA13376FD0F1388 /* Pods-weAreMatchPlayAppTests.debug.xcconfig */,
				F11C57C96345B8EAFDEA1DEC /* Pods-weAreMatchPlayAppTests.release.xcconfig */,
			);
			path = Pods;
			sourceTree = "<group>";
		};
		344A79159A1E99C27FE1B30D /* Frameworks */ = {
			isa = PBXGroup;
			children = (
				6073D3E364F57B60A6A7585A /* Pods_weAreMatchPlayApp.framework */,
				1D04C8075B7D53E9702643C2 /* Pods_weAreMatchPlayApp_weAreMatchPlayAppUITests.framework */,
				3D0B60C7C2206CB9DF31365A /* Pods_weAreMatchPlayAppTests.framework */,
			);
			name = Frameworks;
			sourceTree = "<group>";
		};
/* End PBXGroup section */

/* Begin PBXNativeTarget section */
		04901F3025BACFDA00DDFE3B /* weAreMatchPlayApp */ = {
			isa = PBXNativeTarget;
			buildConfigurationList = 04901F5B25BACFDF00DDFE3B /* Build configuration list for PBXNativeTarget "weAreMatchPlayApp" */;
			buildPhases = (
				AFAFDD7A60F88699C3C09D4D /* [CP] Check Pods Manifest.lock */,
				04901F2D25BACFDA00DDFE3B /* Sources */,
				04901F2E25BACFDA00DDFE3B /* Frameworks */,
				04901F2F25BACFDA00DDFE3B /* Resources */,
				567299F62E70EB5E5B420B2A /* [CP] Embed Pods Frameworks */,
			);
			buildRules = (
			);
			dependencies = (
			);
			name = weAreMatchPlayApp;
			productName = weAreMatchPlayApp;
			productReference = 04901F3125BACFDA00DDFE3B /* weAreMatchPlayApp.app */;
			productType = "com.apple.product-type.application";
		};
		04901F4625BACFDF00DDFE3B /* weAreMatchPlayAppTests */ = {
			isa = PBXNativeTarget;
			buildConfigurationList = 04901F5E25BACFDF00DDFE3B /* Build configuration list for PBXNativeTarget "weAreMatchPlayAppTests" */;
			buildPhases = (
				0C736B6CB82B813B4152440F /* [CP] Check Pods Manifest.lock */,
				04901F4325BACFDF00DDFE3B /* Sources */,
				04901F4425BACFDF00DDFE3B /* Frameworks */,
				04901F4525BACFDF00DDFE3B /* Resources */,
			);
			buildRules = (
			);
			dependencies = (
				04901F4925BACFDF00DDFE3B /* PBXTargetDependency */,
			);
			name = weAreMatchPlayAppTests;
			productName = weAreMatchPlayAppTests;
			productReference = 04901F4725BACFDF00DDFE3B /* weAreMatchPlayAppTests.xctest */;
			productType = "com.apple.product-type.bundle.unit-test";
		};
		04901F5125BACFDF00DDFE3B /* weAreMatchPlayAppUITests */ = {
			isa = PBXNativeTarget;
			buildConfigurationList = 04901F6125BACFDF00DDFE3B /* Build configuration list for PBXNativeTarget "weAreMatchPlayAppUITests" */;
			buildPhases = (
				393F891F90CF6BE46482A6A1 /* [CP] Check Pods Manifest.lock */,
				04901F4E25BACFDF00DDFE3B /* Sources */,
				04901F4F25BACFDF00DDFE3B /* Frameworks */,
				04901F5025BACFDF00DDFE3B /* Resources */,
				04691913D0AC6F4A30B650BD /* [CP] Embed Pods Frameworks */,
			);
			buildRules = (
			);
			dependencies = (
				04901F5425BACFDF00DDFE3B /* PBXTargetDependency */,
			);
			name = weAreMatchPlayAppUITests;
			productName = weAreMatchPlayAppUITests;
			productReference = 04901F5225BACFDF00DDFE3B /* weAreMatchPlayAppUITests.xctest */;
			productType = "com.apple.product-type.bundle.ui-testing";
		};
/* End PBXNativeTarget section */

/* Begin PBXProject section */
		04901F2925BACFDA00DDFE3B /* Project object */ = {
			isa = PBXProject;
			attributes = {
				LastSwiftUpdateCheck = 1230;
				LastUpgradeCheck = 1230;
				TargetAttributes = {
					04901F3025BACFDA00DDFE3B = {
						CreatedOnToolsVersion = 12.3;
					};
					04901F4625BACFDF00DDFE3B = {
						CreatedOnToolsVersion = 12.3;
						TestTargetID = 04901F3025BACFDA00DDFE3B;
					};
					04901F5125BACFDF00DDFE3B = {
						CreatedOnToolsVersion = 12.3;
						TestTargetID = 04901F3025BACFDA00DDFE3B;
					};
				};
			};
			buildConfigurationList = 04901F2C25BACFDA00DDFE3B /* Build configuration list for PBXProject "weAreMatchPlayApp" */;
			compatibilityVersion = "Xcode 9.3";
			developmentRegion = en;
			hasScannedForEncodings = 0;
			knownRegions = (
				en,
				Base,
			);
			mainGroup = 04901F2825BACFDA00DDFE3B;
			productRefGroup = 04901F3225BACFDA00DDFE3B /* Products */;
			projectDirPath = "";
			projectRoot = "";
			targets = (
				04901F3025BACFDA00DDFE3B /* weAreMatchPlayApp */,
				04901F4625BACFDF00DDFE3B /* weAreMatchPlayAppTests */,
				04901F5125BACFDF00DDFE3B /* weAreMatchPlayAppUITests */,
			);
		};
/* End PBXProject section */

/* Begin PBXResourcesBuildPhase section */
		04901F2F25BACFDA00DDFE3B /* Resources */ = {
			isa = PBXResourcesBuildPhase;
			buildActionMask = 2147483647;
			files = (
				04901F4125BACFDE00DDFE3B /* LaunchScreen.storyboard in Resources */,
				04901F3E25BACFDE00DDFE3B /* Assets.xcassets in Resources */,
			);
			runOnlyForDeploymentPostprocessing = 0;
		};
		04901F4525BACFDF00DDFE3B /* Resources */ = {
			isa = PBXResourcesBuildPhase;
			buildActionMask = 2147483647;
			files = (
			);
			runOnlyForDeploymentPostprocessing = 0;
		};
		04901F5025BACFDF00DDFE3B /* Resources */ = {
			isa = PBXResourcesBuildPhase;
			buildActionMask = 2147483647;
			files = (
			);
			runOnlyForDeploymentPostprocessing = 0;
		};
/* End PBXResourcesBuildPhase section */

/* Begin PBXShellScriptBuildPhase section */
		04691913D0AC6F4A30B650BD /* [CP] Embed Pods Frameworks */ = {
			isa = PBXShellScriptBuildPhase;
			buildActionMask = 2147483647;
			files = (
			);
			inputFileListPaths = (
				"${PODS_ROOT}/Target Support Files/Pods-weAreMatchPlayApp-weAreMatchPlayAppUITests/Pods-weAreMatchPlayApp-weAreMatchPlayAppUITests-frameworks-${CONFIGURATION}-input-files.xcfilelist",
			);
			name = "[CP] Embed Pods Frameworks";
			outputFileListPaths = (
				"${PODS_ROOT}/Target Support Files/Pods-weAreMatchPlayApp-weAreMatchPlayAppUITests/Pods-weAreMatchPlayApp-weAreMatchPlayAppUITests-frameworks-${CONFIGURATION}-output-files.xcfilelist",
			);
			runOnlyForDeploymentPostprocessing = 0;
			shellPath = /bin/sh;
			shellScript = "\"${PODS_ROOT}/Target Support Files/Pods-weAreMatchPlayApp-weAreMatchPlayAppUITests/Pods-weAreMatchPlayApp-weAreMatchPlayAppUITests-frameworks.sh\"\n";
			showEnvVarsInLog = 0;
		};
		0C736B6CB82B813B4152440F /* [CP] Check Pods Manifest.lock */ = {
			isa = PBXShellScriptBuildPhase;
			buildActionMask = 2147483647;
			files = (
			);
			inputFileListPaths = (
			);
			inputPaths = (
				"${PODS_PODFILE_DIR_PATH}/Podfile.lock",
				"${PODS_ROOT}/Manifest.lock",
			);
			name = "[CP] Check Pods Manifest.lock";
			outputFileListPaths = (
			);
			outputPaths = (
				"$(DERIVED_FILE_DIR)/Pods-weAreMatchPlayAppTests-checkManifestLockResult.txt",
			);
			runOnlyForDeploymentPostprocessing = 0;
			shellPath = /bin/sh;
			shellScript = "diff \"${PODS_PODFILE_DIR_PATH}/Podfile.lock\" \"${PODS_ROOT}/Manifest.lock\" > /dev/null\nif [ $? != 0 ] ; then\n    # print error to STDERR\n    echo \"error: The sandbox is not in sync with the Podfile.lock. Run 'pod install' or update your CocoaPods installation.\" >&2\n    exit 1\nfi\n# This output is used by Xcode 'outputs' to avoid re-running this script phase.\necho \"SUCCESS\" > \"${SCRIPT_OUTPUT_FILE_0}\"\n";
			showEnvVarsInLog = 0;
		};
		393F891F90CF6BE46482A6A1 /* [CP] Check Pods Manifest.lock */ = {
			isa = PBXShellScriptBuildPhase;
			buildActionMask = 2147483647;
			files = (
			);
			inputFileListPaths = (
			);
			inputPaths = (
				"${PODS_PODFILE_DIR_PATH}/Podfile.lock",
				"${PODS_ROOT}/Manifest.lock",
			);
			name = "[CP] Check Pods Manifest.lock";
			outputFileListPaths = (
			);
			outputPaths = (
				"$(DERIVED_FILE_DIR)/Pods-weAreMatchPlayApp-weAreMatchPlayAppUITests-checkManifestLockResult.txt",
			);
			runOnlyForDeploymentPostprocessing = 0;
			shellPath = /bin/sh;
			shellScript = "diff \"${PODS_PODFILE_DIR_PATH}/Podfile.lock\" \"${PODS_ROOT}/Manifest.lock\" > /dev/null\nif [ $? != 0 ] ; then\n    # print error to STDERR\n    echo \"error: The sandbox is not in sync with the Podfile.lock. Run 'pod install' or update your CocoaPods installation.\" >&2\n    exit 1\nfi\n# This output is used by Xcode 'outputs' to avoid re-running this script phase.\necho \"SUCCESS\" > \"${SCRIPT_OUTPUT_FILE_0}\"\n";
			showEnvVarsInLog = 0;
		};
		567299F62E70EB5E5B420B2A /* [CP] Embed Pods Frameworks */ = {
			isa = PBXShellScriptBuildPhase;
			buildActionMask = 2147483647;
			files = (
			);
			inputFileListPaths = (
				"${PODS_ROOT}/Target Support Files/Pods-weAreMatchPlayApp/Pods-weAreMatchPlayApp-frameworks-${CONFIGURATION}-input-files.xcfilelist",
			);
			name = "[CP] Embed Pods Frameworks";
			outputFileListPaths = (
				"${PODS_ROOT}/Target Support Files/Pods-weAreMatchPlayApp/Pods-weAreMatchPlayApp-frameworks-${CONFIGURATION}-output-files.xcfilelist",
			);
			runOnlyForDeploymentPostprocessing = 0;
			shellPath = /bin/sh;
			shellScript = "\"${PODS_ROOT}/Target Support Files/Pods-weAreMatchPlayApp/Pods-weAreMatchPlayApp-frameworks.sh\"\n";
			showEnvVarsInLog = 0;
		};
		AFAFDD7A60F88699C3C09D4D /* [CP] Check Pods Manifest.lock */ = {
			isa = PBXShellScriptBuildPhase;
			buildActionMask = 2147483647;
			files = (
			);
			inputFileListPaths = (
			);
			inputPaths = (
				"${PODS_PODFILE_DIR_PATH}/Podfile.lock",
				"${PODS_ROOT}/Manifest.lock",
			);
			name = "[CP] Check Pods Manifest.lock";
			outputFileListPaths = (
			);
			outputPaths = (
				"$(DERIVED_FILE_DIR)/Pods-weAreMatchPlayApp-checkManifestLockResult.txt",
			);
			runOnlyForDeploymentPostprocessing = 0;
			shellPath = /bin/sh;
			shellScript = "diff \"${PODS_PODFILE_DIR_PATH}/Podfile.lock\" \"${PODS_ROOT}/Manifest.lock\" > /dev/null\nif [ $? != 0 ] ; then\n    # print error to STDERR\n    echo \"error: The sandbox is not in sync with the Podfile.lock. Run 'pod install' or update your CocoaPods installation.\" >&2\n    exit 1\nfi\n# This output is used by Xcode 'outputs' to avoid re-running this script phase.\necho \"SUCCESS\" > \"${SCRIPT_OUTPUT_FILE_0}\"\n";
			showEnvVarsInLog = 0;
		};
/* End PBXShellScriptBuildPhase section */

/* Begin PBXSourcesBuildPhase section */
		04901F2D25BACFDA00DDFE3B /* Sources */ = {
			isa = PBXSourcesBuildPhase;
			buildActionMask = 2147483647;
			files = (
				04901F9925BAE20D00DDFE3B /* UITextField+Extension.swift in Sources */,
				04901FA225BAEC0000DDFE3B /* LoginDataModel.swift in Sources */,
				04901FAA25BAEC4900DDFE3B /* LoginInteractor.swift in Sources */,
				04901FCD25BB01DF00DDFE3B /* ListUsersViewController.swift in Sources */,
				04901FB425BAED1C00DDFE3B /* LoginPresenter.swift in Sources */,
				04901F9125BAE1DC00DDFE3B /* String+Extension.swift in Sources */,
				04901F3925BACFDA00DDFE3B /* LoginViewController.swift in Sources */,
				04901F3525BACFDA00DDFE3B /* AppDelegate.swift in Sources */,
				04901FD525BB037500DDFE3B /* StringConstants.swift in Sources */,
				04901F3725BACFDA00DDFE3B /* SceneDelegate.swift in Sources */,
				04901FB925BAEDB200DDFE3B /* UIViewController+Extension.swift in Sources */,
				04901FAF25BAECD300DDFE3B /* LoginWorker.swift in Sources */,
			);
			runOnlyForDeploymentPostprocessing = 0;
		};
		04901F4325BACFDF00DDFE3B /* Sources */ = {
			isa = PBXSourcesBuildPhase;
			buildActionMask = 2147483647;
			files = (
				04901F4C25BACFDF00DDFE3B /* weAreMatchPlayAppTests.swift in Sources */,
			);
			runOnlyForDeploymentPostprocessing = 0;
		};
		04901F4E25BACFDF00DDFE3B /* Sources */ = {
			isa = PBXSourcesBuildPhase;
			buildActionMask = 2147483647;
			files = (
				04901F5725BACFDF00DDFE3B /* weAreMatchPlayAppUITests.swift in Sources */,
			);
			runOnlyForDeploymentPostprocessing = 0;
		};
/* End PBXSourcesBuildPhase section */

/* Begin PBXTargetDependency section */
		04901F4925BACFDF00DDFE3B /* PBXTargetDependency */ = {
			isa = PBXTargetDependency;
			target = 04901F3025BACFDA00DDFE3B /* weAreMatchPlayApp */;
			targetProxy = 04901F4825BACFDF00DDFE3B /* PBXContainerItemProxy */;
		};
		04901F5425BACFDF00DDFE3B /* PBXTargetDependency */ = {
			isa = PBXTargetDependency;
			target = 04901F3025BACFDA00DDFE3B /* weAreMatchPlayApp */;
			targetProxy = 04901F5325BACFDF00DDFE3B /* PBXContainerItemProxy */;
		};
/* End PBXTargetDependency section */

/* Begin PBXVariantGroup section */
		04901F3F25BACFDE00DDFE3B /* LaunchScreen.storyboard */ = {
			isa = PBXVariantGroup;
			children = (
				04901F4025BACFDE00DDFE3B /* Base */,
			);
			name = LaunchScreen.storyboard;
			sourceTree = "<group>";
		};
/* End PBXVariantGroup section */

/* Begin XCBuildConfiguration section */
		04901F5925BACFDF00DDFE3B /* Debug */ = {
			isa = XCBuildConfiguration;
			buildSettings = {
				ALWAYS_SEARCH_USER_PATHS = NO;
				CLANG_ANALYZER_NONNULL = YES;
				CLANG_ANALYZER_NUMBER_OBJECT_CONVERSION = YES_AGGRESSIVE;
				CLANG_CXX_LANGUAGE_STANDARD = "gnu++14";
				CLANG_CXX_LIBRARY = "libc++";
				CLANG_ENABLE_MODULES = YES;
				CLANG_ENABLE_OBJC_ARC = YES;
				CLANG_ENABLE_OBJC_WEAK = YES;
				CLANG_WARN_BLOCK_CAPTURE_AUTORELEASING = YES;
				CLANG_WARN_BOOL_CONVERSION = YES;
				CLANG_WARN_COMMA = YES;
				CLANG_WARN_CONSTANT_CONVERSION = YES;
				CLANG_WARN_DEPRECATED_OBJC_IMPLEMENTATIONS = YES;
				CLANG_WARN_DIRECT_OBJC_ISA_USAGE = YES_ERROR;
				CLANG_WARN_DOCUMENTATION_COMMENTS = YES;
				CLANG_WARN_EMPTY_BODY = YES;
				CLANG_WARN_ENUM_CONVERSION = YES;
				CLANG_WARN_INFINITE_RECURSION = YES;
				CLANG_WARN_INT_CONVERSION = YES;
				CLANG_WARN_NON_LITERAL_NULL_CONVERSION = YES;
				CLANG_WARN_OBJC_IMPLICIT_RETAIN_SELF = YES;
				CLANG_WARN_OBJC_LITERAL_CONVERSION = YES;
				CLANG_WARN_OBJC_ROOT_CLASS = YES_ERROR;
				CLANG_WARN_QUOTED_INCLUDE_IN_FRAMEWORK_HEADER = YES;
				CLANG_WARN_RANGE_LOOP_ANALYSIS = YES;
				CLANG_WARN_STRICT_PROTOTYPES = YES;
				CLANG_WARN_SUSPICIOUS_MOVE = YES;
				CLANG_WARN_UNGUARDED_AVAILABILITY = YES_AGGRESSIVE;
				CLANG_WARN_UNREACHABLE_CODE = YES;
				CLANG_WARN__DUPLICATE_METHOD_MATCH = YES;
				COPY_PHASE_STRIP = NO;
				DEBUG_INFORMATION_FORMAT = dwarf;
				ENABLE_STRICT_OBJC_MSGSEND = YES;
				ENABLE_TESTABILITY = YES;
				GCC_C_LANGUAGE_STANDARD = gnu11;
				GCC_DYNAMIC_NO_PIC = NO;
				GCC_NO_COMMON_BLOCKS = YES;
				GCC_OPTIMIZATION_LEVEL = 0;
				GCC_PREPROCESSOR_DEFINITIONS = (
					"DEBUG=1",
					"$(inherited)",
				);
				GCC_WARN_64_TO_32_BIT_CONVERSION = YES;
				GCC_WARN_ABOUT_RETURN_TYPE = YES_ERROR;
				GCC_WARN_UNDECLARED_SELECTOR = YES;
				GCC_WARN_UNINITIALIZED_AUTOS = YES_AGGRESSIVE;
				GCC_WARN_UNUSED_FUNCTION = YES;
				GCC_WARN_UNUSED_VARIABLE = YES;
				IPHONEOS_DEPLOYMENT_TARGET = 14.3;
				MTL_ENABLE_DEBUG_INFO = INCLUDE_SOURCE;
				MTL_FAST_MATH = YES;
				ONLY_ACTIVE_ARCH = YES;
				SDKROOT = iphoneos;
				SWIFT_ACTIVE_COMPILATION_CONDITIONS = DEBUG;
				SWIFT_OPTIMIZATION_LEVEL = "-Onone";
			};
			name = Debug;
		};
		04901F5A25BACFDF00DDFE3B /* Release */ = {
			isa = XCBuildConfiguration;
			buildSettings = {
				ALWAYS_SEARCH_USER_PATHS = NO;
				CLANG_ANALYZER_NONNULL = YES;
				CLANG_ANALYZER_NUMBER_OBJECT_CONVERSION = YES_AGGRESSIVE;
				CLANG_CXX_LANGUAGE_STANDARD = "gnu++14";
				CLANG_CXX_LIBRARY = "libc++";
				CLANG_ENABLE_MODULES = YES;
				CLANG_ENABLE_OBJC_ARC = YES;
				CLANG_ENABLE_OBJC_WEAK = YES;
				CLANG_WARN_BLOCK_CAPTURE_AUTORELEASING = YES;
				CLANG_WARN_BOOL_CONVERSION = YES;
				CLANG_WARN_COMMA = YES;
				CLANG_WARN_CONSTANT_CONVERSION = YES;
				CLANG_WARN_DEPRECATED_OBJC_IMPLEMENTATIONS = YES;
				CLANG_WARN_DIRECT_OBJC_ISA_USAGE = YES_ERROR;
				CLANG_WARN_DOCUMENTATION_COMMENTS = YES;
				CLANG_WARN_EMPTY_BODY = YES;
				CLANG_WARN_ENUM_CONVERSION = YES;
				CLANG_WARN_INFINITE_RECURSION = YES;
				CLANG_WARN_INT_CONVERSION = YES;
				CLANG_WARN_NON_LITERAL_NULL_CONVERSION = YES;
				CLANG_WARN_OBJC_IMPLICIT_RETAIN_SELF = YES;
				CLANG_WARN_OBJC_LITERAL_CONVERSION = YES;
				CLANG_WARN_OBJC_ROOT_CLASS = YES_ERROR;
				CLANG_WARN_QUOTED_INCLUDE_IN_FRAMEWORK_HEADER = YES;
				CLANG_WARN_RANGE_LOOP_ANALYSIS = YES;
				CLANG_WARN_STRICT_PROTOTYPES = YES;
				CLANG_WARN_SUSPICIOUS_MOVE = YES;
				CLANG_WARN_UNGUARDED_AVAILABILITY = YES_AGGRESSIVE;
				CLANG_WARN_UNREACHABLE_CODE = YES;
				CLANG_WARN__DUPLICATE_METHOD_MATCH = YES;
				COPY_PHASE_STRIP = NO;
				DEBUG_INFORMATION_FORMAT = "dwarf-with-dsym";
				ENABLE_NS_ASSERTIONS = NO;
				ENABLE_STRICT_OBJC_MSGSEND = YES;
				GCC_C_LANGUAGE_STANDARD = gnu11;
				GCC_NO_COMMON_BLOCKS = YES;
				GCC_WARN_64_TO_32_BIT_CONVERSION = YES;
				GCC_WARN_ABOUT_RETURN_TYPE = YES_ERROR;
				GCC_WARN_UNDECLARED_SELECTOR = YES;
				GCC_WARN_UNINITIALIZED_AUTOS = YES_AGGRESSIVE;
				GCC_WARN_UNUSED_FUNCTION = YES;
				GCC_WARN_UNUSED_VARIABLE = YES;
				IPHONEOS_DEPLOYMENT_TARGET = 14.3;
				MTL_ENABLE_DEBUG_INFO = NO;
				MTL_FAST_MATH = YES;
				SDKROOT = iphoneos;
				SWIFT_COMPILATION_MODE = wholemodule;
				SWIFT_OPTIMIZATION_LEVEL = "-O";
				VALIDATE_PRODUCT = YES;
			};
			name = Release;
		};
		04901F5C25BACFDF00DDFE3B /* Debug */ = {
			isa = XCBuildConfiguration;
			baseConfigurationReference = 5E352A49049D3FFFCFBB2EB8 /* Pods-weAreMatchPlayApp.debug.xcconfig */;
			buildSettings = {
				ASSETCATALOG_COMPILER_APPICON_NAME = AppIcon;
				ASSETCATALOG_COMPILER_GLOBAL_ACCENT_COLOR_NAME = AccentColor;
				CODE_SIGN_STYLE = Automatic;
				INFOPLIST_FILE = weAreMatchPlayApp/Info.plist;
				LD_RUNPATH_SEARCH_PATHS = (
					"$(inherited)",
					"@executable_path/Frameworks",
				);
				PRODUCT_BUNDLE_IDENTIFIER = com.Lenever.weAreMatchPlayApp;
				PRODUCT_NAME = "$(TARGET_NAME)";
				SWIFT_VERSION = 5.0;
				TARGETED_DEVICE_FAMILY = "1,2";
			};
			name = Debug;
		};
		04901F5D25BACFDF00DDFE3B /* Release */ = {
			isa = XCBuildConfiguration;
			baseConfigurationReference = 0C2C3D2423E6DD1D5F27027B /* Pods-weAreMatchPlayApp.release.xcconfig */;
			buildSettings = {
				ASSETCATALOG_COMPILER_APPICON_NAME = AppIcon;
				ASSETCATALOG_COMPILER_GLOBAL_ACCENT_COLOR_NAME = AccentColor;
				CODE_SIGN_STYLE = Automatic;
				INFOPLIST_FILE = weAreMatchPlayApp/Info.plist;
				LD_RUNPATH_SEARCH_PATHS = (
					"$(inherited)",
					"@executable_path/Frameworks",
				);
				PRODUCT_BUNDLE_IDENTIFIER = com.Lenever.weAreMatchPlayApp;
				PRODUCT_NAME = "$(TARGET_NAME)";
				SWIFT_VERSION = 5.0;
				TARGETED_DEVICE_FAMILY = "1,2";
			};
			name = Release;
		};
		04901F5F25BACFDF00DDFE3B /* Debug */ = {
			isa = XCBuildConfiguration;
			baseConfigurationReference = A84C59205AA13376FD0F1388 /* Pods-weAreMatchPlayAppTests.debug.xcconfig */;
			buildSettings = {
				ALWAYS_EMBED_SWIFT_STANDARD_LIBRARIES = YES;
				BUNDLE_LOADER = "$(TEST_HOST)";
				CODE_SIGN_STYLE = Automatic;
				INFOPLIST_FILE = weAreMatchPlayAppTests/Info.plist;
				IPHONEOS_DEPLOYMENT_TARGET = 14.3;
				LD_RUNPATH_SEARCH_PATHS = (
					"$(inherited)",
					"@executable_path/Frameworks",
					"@loader_path/Frameworks",
				);
				PRODUCT_BUNDLE_IDENTIFIER = com.Lenever.weAreMatchPlayAppTests;
				PRODUCT_NAME = "$(TARGET_NAME)";
				SWIFT_VERSION = 5.0;
				TARGETED_DEVICE_FAMILY = "1,2";
				TEST_HOST = "$(BUILT_PRODUCTS_DIR)/weAreMatchPlayApp.app/weAreMatchPlayApp";
			};
			name = Debug;
		};
		04901F6025BACFDF00DDFE3B /* Release */ = {
			isa = XCBuildConfiguration;
			baseConfigurationReference = F11C57C96345B8EAFDEA1DEC /* Pods-weAreMatchPlayAppTests.release.xcconfig */;
			buildSettings = {
				ALWAYS_EMBED_SWIFT_STANDARD_LIBRARIES = YES;
				BUNDLE_LOADER = "$(TEST_HOST)";
				CODE_SIGN_STYLE = Automatic;
				INFOPLIST_FILE = weAreMatchPlayAppTests/Info.plist;
				IPHONEOS_DEPLOYMENT_TARGET = 14.3;
				LD_RUNPATH_SEARCH_PATHS = (
					"$(inherited)",
					"@executable_path/Frameworks",
					"@loader_path/Frameworks",
				);
				PRODUCT_BUNDLE_IDENTIFIER = com.Lenever.weAreMatchPlayAppTests;
				PRODUCT_NAME = "$(TARGET_NAME)";
				SWIFT_VERSION = 5.0;
				TARGETED_DEVICE_FAMILY = "1,2";
				TEST_HOST = "$(BUILT_PRODUCTS_DIR)/weAreMatchPlayApp.app/weAreMatchPlayApp";
			};
			name = Release;
		};
		04901F6225BACFDF00DDFE3B /* Debug */ = {
			isa = XCBuildConfiguration;
			baseConfigurationReference = 43280314EF48DA1CBD47DCCA /* Pods-weAreMatchPlayApp-weAreMatchPlayAppUITests.debug.xcconfig */;
			buildSettings = {
				ALWAYS_EMBED_SWIFT_STANDARD_LIBRARIES = YES;
				CODE_SIGN_STYLE = Automatic;
				INFOPLIST_FILE = weAreMatchPlayAppUITests/Info.plist;
				LD_RUNPATH_SEARCH_PATHS = (
					"$(inherited)",
					"@executable_path/Frameworks",
					"@loader_path/Frameworks",
				);
				PRODUCT_BUNDLE_IDENTIFIER = com.Lenever.weAreMatchPlayAppUITests;
				PRODUCT_NAME = "$(TARGET_NAME)";
				SWIFT_VERSION = 5.0;
				TARGETED_DEVICE_FAMILY = "1,2";
				TEST_TARGET_NAME = weAreMatchPlayApp;
			};
			name = Debug;
		};
		04901F6325BACFDF00DDFE3B /* Release */ = {
			isa = XCBuildConfiguration;
			baseConfigurationReference = 8B038510BE723AAAC489BCA0 /* Pods-weAreMatchPlayApp-weAreMatchPlayAppUITests.release.xcconfig */;
			buildSettings = {
				ALWAYS_EMBED_SWIFT_STANDARD_LIBRARIES = YES;
				CODE_SIGN_STYLE = Automatic;
				INFOPLIST_FILE = weAreMatchPlayAppUITests/Info.plist;
				LD_RUNPATH_SEARCH_PATHS = (
					"$(inherited)",
					"@executable_path/Frameworks",
					"@loader_path/Frameworks",
				);
				PRODUCT_BUNDLE_IDENTIFIER = com.Lenever.weAreMatchPlayAppUITests;
				PRODUCT_NAME = "$(TARGET_NAME)";
				SWIFT_VERSION = 5.0;
				TARGETED_DEVICE_FAMILY = "1,2";
				TEST_TARGET_NAME = weAreMatchPlayApp;
			};
			name = Release;
		};
/* End XCBuildConfiguration section */

/* Begin XCConfigurationList section */
		04901F2C25BACFDA00DDFE3B /* Build configuration list for PBXProject "weAreMatchPlayApp" */ = {
			isa = XCConfigurationList;
			buildConfigurations = (
				04901F5925BACFDF00DDFE3B /* Debug */,
				04901F5A25BACFDF00DDFE3B /* Release */,
			);
			defaultConfigurationIsVisible = 0;
			defaultConfigurationName = Release;
		};
		04901F5B25BACFDF00DDFE3B /* Build configuration list for PBXNativeTarget "weAreMatchPlayApp" */ = {
			isa = XCConfigurationList;
			buildConfigurations = (
				04901F5C25BACFDF00DDFE3B /* Debug */,
				04901F5D25BACFDF00DDFE3B /* Release */,
			);
			defaultConfigurationIsVisible = 0;
			defaultConfigurationName = Release;
		};
		04901F5E25BACFDF00DDFE3B /* Build configuration list for PBXNativeTarget "weAreMatchPlayAppTests" */ = {
			isa = XCConfigurationList;
			buildConfigurations = (
				04901F5F25BACFDF00DDFE3B /* Debug */,
				04901F6025BACFDF00DDFE3B /* Release */,
			);
			defaultConfigurationIsVisible = 0;
			defaultConfigurationName = Release;
		};
		04901F6125BACFDF00DDFE3B /* Build configuration list for PBXNativeTarget "weAreMatchPlayAppUITests" */ = {
			isa = XCConfigurationList;
			buildConfigurations = (
				04901F6225BACFDF00DDFE3B /* Debug */,
				04901F6325BACFDF00DDFE3B /* Release */,
			);
			defaultConfigurationIsVisible = 0;
			defaultConfigurationName = Release;
		};
/* End XCConfigurationList section */
	};
	rootObject = 04901F2925BACFDA00DDFE3B /* Project object */;
}
